
Microsoft Visual Studio Solution File, Format Version 12.00
# Visual Studio 14
VisualStudioVersion = 14.0.25420.1
MinimumVisualStudioVersion = 10.0.40219.1
Project("{2150E333-8FDC-42A3-9474-1A3956D46DE8}") = "src", "src", "{9942AD94-C758-4D38-AE98-ABCA50935F3B}"
EndProject
Project("{2150E333-8FDC-42A3-9474-1A3956D46DE8}") = "Solution Items", "Solution Items", "{9CF17C2D-6227-4AEB-90D2-A4E4B04A0DC1}"
	ProjectSection(SolutionItems) = preProject
		global.json = global.json
	EndProjectSection
EndProject
Project("{8BB2217D-0F2D-49D1-97BC-3654ED321F3B}") = "artfriks", "src\artfriks\artfriks.xproj", "{E54EC8BA-B4DA-4174-B497-4BBB90B65E32}"
EndProject
Global
	GlobalSection(SolutionConfigurationPlatforms) = preSolution
		Debug|Any CPU = Debug|Any CPU
		Release|Any CPU = Release|Any CPU
	EndGlobalSection
	GlobalSection(ProjectConfigurationPlatforms) = postSolution
		{E54EC8BA-B4DA-4174-B497-4BBB90B65E32}.Debug|Any CPU.ActiveCfg = Debug|Any CPU
		{E54EC8BA-B4DA-4174-B497-4BBB90B65E32}.Debug|Any CPU.Build.0 = Debug|Any CPU
		{E54EC8BA-B4DA-4174-B497-4BBB90B65E32}.Release|Any CPU.ActiveCfg = Release|Any CPU
		{E54EC8BA-B4DA-4174-B497-4BBB90B65E32}.Release|Any CPU.Build.0 = Release|Any CPU
	EndGlobalSection
	GlobalSection(SolutionProperties) = preSolution
		HideSolutionNode = FALSE
	EndGlobalSection
	GlobalSection(NestedProjects) = preSolution
		{E54EC8BA-B4DA-4174-B497-4BBB90B65E32} = {9942AD94-C758-4D38-AE98-ABCA50935F3B}
	EndGlobalSection
EndGlobal
